PODS:
  - Flutter (1.0.0)
  - quick_actions (0.0.1):
    - Flutter

DEPENDENCIES:
  - Flutter (from `.symlinks/flutter/ios`)
  - quick_actions (from `.symlinks/plugins/quick_actions/ios`)

EXTERNAL SOURCES:
  Flutter:
    :path: ".symlinks/flutter/ios"
  quick_actions:
    :path: ".symlinks/plugins/quick_actions/ios"

SPEC CHECKSUMS:
  Flutter: 9d0fac939486c9aba2809b7982dfdbb47a7b0296
  quick_actions: 4e3b24b7ebc5895b015bf8fc104f436047f7ca8a

PODFILE CHECKSUM: aff02bfeed411c636180d6812254b2daeea14d09

COCOAPODS: 1.5.3
